// !$*UTF8*$!
{
	archiveVersion = 1;
	classes = {
	};
	objectVersion = 46;
	objects = {
/* Begin PBXBuildFile section */
		0207DA581B56EA530066E2B4 /* Images.xcassets in Resources */ = {isa = PBXBuildFile; fileRef = 0207DA571B56EA530066E2B4 /* Images.xcassets */; };
		1D3623260D0F684500981E51 /* AppDelegate.m in Sources */ = {isa = PBXBuildFile; fileRef = 1D3623250D0F684500981E51 /* AppDelegate.m */; };
		1D60589B0D05DD56006BFB54 /* main.m in Sources */ = {isa = PBXBuildFile; fileRef = 29B97316FDCFA39411CA2CEA /* main.m */; };
		26A181D4CA3A4DA6B5CCA718 /* CDVNodeJS.mm in Sources */ = {isa = PBXBuildFile; fileRef = 71A0E0459EE9448BB9CE7DB5 /* CDVNodeJS.mm */; };
		301BF552109A68D80062928A /* libCordova.a in Frameworks */ = {isa = PBXBuildFile; fileRef = 301BF535109A57CC0062928A /* libCordova.a */; };
		302D95F114D2391D003F00A1 /* MainViewController.m in Sources */ = {isa = PBXBuildFile; fileRef = 302D95EF14D2391D003F00A1 /* MainViewController.m */; };
		302D95F214D2391D003F00A1 /* MainViewController.xib in Resources */ = {isa = PBXBuildFile; fileRef = 302D95F014D2391D003F00A1 /* MainViewController.xib */; };
		32189A35E13F47589989C4F3 /* NodeMobile.framework in Embed Frameworks */ = {isa = PBXBuildFile; fileRef = 7EE1693E665246D1822AD0E5 /* NodeMobile.framework */; settings = {ATTRIBUTES = (CodeSignOnCopy, ); }; };
		4BC4CBB4260246A3B8A6BE19 /* NodeJSRunner.mm in Sources */ = {isa = PBXBuildFile; fileRef = 325DA0D6E4344C68AA06EC34 /* NodeJSRunner.mm */; };
		540B1724D5ED486FA5E88E38 /* NodeMobile.framework in Frameworks */ = {isa = PBXBuildFile; fileRef = 51F0C6209C014F5DAD830521 /* NodeMobile.framework */; };
		6AFF5BF91D6E424B00AB3073 /* CDVLaunchScreen.storyboard in Resources */ = {isa = PBXBuildFile; fileRef = 6AFF5BF81D6E424B00AB3073 /* CDVLaunchScreen.storyboard */; };
		76A83597D6C14A99BDA8177D /* cordova-bridge.cpp in Sources */ = {isa = PBXBuildFile; fileRef = A097ADB0CE4B4F6F8B9DD4F7 /* cordova-bridge.cpp */; };
/* End PBXBuildFile section */

/* Begin PBXContainerItemProxy section */
		301BF534109A57CC0062928A /* PBXContainerItemProxy */ = {
			isa = PBXContainerItemProxy;
			containerPortal = 301BF52D109A57CC0062928A /* CordovaLib/CordovaLib.xcodeproj */;
			proxyType = 2;
			remoteGlobalIDString = D2AAC07E0554694100DB518D;
			remoteInfo = CordovaLib;
		};
		301BF550109A68C00062928A /* PBXContainerItemProxy */ = {
			isa = PBXContainerItemProxy;
			containerPortal = 301BF52D109A57CC0062928A /* CordovaLib/CordovaLib.xcodeproj */;
			proxyType = 1;
			remoteGlobalIDString = D2AAC07D0554694100DB518D;
			remoteInfo = CordovaLib;
		};
		A4C16D112173F92D005E4AE9 /* PBXContainerItemProxy */ = {
			isa = PBXContainerItemProxy;
			containerPortal = 301BF52D109A57CC0062928A /* CordovaLib/CordovaLib.xcodeproj */;
			proxyType = 2;
			remoteGlobalIDString = C0C01EB21E3911D50056E6CB;
			remoteInfo = Cordova;
		};
/* End PBXContainerItemProxy section */

/* Begin PBXCopyFilesBuildPhase section */
		901BD72422E4467E8DDB78AC /* Embed Frameworks */ = {
			isa = PBXCopyFilesBuildPhase;
			buildActionMask = 2147483647;
			dstPath = "";
			dstSubfolderSpec = 10;
			files = (
				32189A35E13F47589989C4F3 /* NodeMobile.framework in Embed Frameworks */,
			);
			name = "Embed Frameworks";
			runOnlyForDeploymentPostprocessing = 0;
		};
/* End PBXCopyFilesBuildPhase section */

/* Begin PBXFileReference section */
		0207DA571B56EA530066E2B4 /* Images.xcassets */ = {isa = PBXFileReference; lastKnownFileType = folder.assetcatalog; name = Images.xcassets; path = statsapp/Images.xcassets; sourceTree = SOURCE_ROOT; };
		1D3623240D0F684500981E51 /* AppDelegate.h */ = {isa = PBXFileReference; fileEncoding = 4; lastKnownFileType = sourcecode.c.h; path = AppDelegate.h; sourceTree = "<group>"; };
		1D3623250D0F684500981E51 /* AppDelegate.m */ = {isa = PBXFileReference; fileEncoding = 4; lastKnownFileType = sourcecode.c.objc; path = AppDelegate.m; sourceTree = "<group>"; };
		1D6058910D05DD3D006BFB54 /* statsapp.app */ = {isa = PBXFileReference; explicitFileType = wrapper.application; includeInIndex = 0; path = statsapp.app; sourceTree = BUILT_PRODUCTS_DIR; };
		29B97316FDCFA39411CA2CEA /* main.m */ = {isa = PBXFileReference; fileEncoding = 4; lastKnownFileType = sourcecode.c.objc; path = main.m; sourceTree = "<group>"; };
		301BF52D109A57CC0062928A /* CordovaLib/CordovaLib.xcodeproj */ = {isa = PBXFileReference; lastKnownFileType = "wrapper.pb-project"; path = CordovaLib/CordovaLib.xcodeproj; sourceTree = "<group>"; };
		301BF56E109A69640062928A /* www */ = {isa = PBXFileReference; lastKnownFileType = folder; path = www; sourceTree = SOURCE_ROOT; };
		302D95EE14D2391D003F00A1 /* MainViewController.h */ = {isa = PBXFileReference; fileEncoding = 4; lastKnownFileType = sourcecode.c.h; path = MainViewController.h; sourceTree = "<group>"; };
		302D95EF14D2391D003F00A1 /* MainViewController.m */ = {isa = PBXFileReference; fileEncoding = 4; lastKnownFileType = sourcecode.c.objc; path = MainViewController.m; sourceTree = "<group>"; };
		302D95F014D2391D003F00A1 /* MainViewController.xib */ = {isa = PBXFileReference; fileEncoding = 4; lastKnownFileType = file.xib; path = MainViewController.xib; sourceTree = "<group>"; };
		3047A50F1AB8059700498E2A /* build-debug.xcconfig */ = {isa = PBXFileReference; fileEncoding = 4; lastKnownFileType = text.xcconfig; name = "build-debug.xcconfig"; path = "cordova/build-debug.xcconfig"; sourceTree = SOURCE_ROOT; };
		3047A5101AB8059700498E2A /* build-release.xcconfig */ = {isa = PBXFileReference; fileEncoding = 4; lastKnownFileType = text.xcconfig; name = "build-release.xcconfig"; path = "cordova/build-release.xcconfig"; sourceTree = SOURCE_ROOT; };
		3047A5111AB8059700498E2A /* build.xcconfig */ = {isa = PBXFileReference; fileEncoding = 4; lastKnownFileType = text.xcconfig; name = build.xcconfig; path = cordova/build.xcconfig; sourceTree = SOURCE_ROOT; };
		325DA0D6E4344C68AA06EC34 /* NodeJSRunner.mm */ = {isa = PBXFileReference; explicitFileType = undefined; fileEncoding = 9; includeInIndex = 0; lastKnownFileType = unknown; name = NodeJSRunner.mm; path = "nodejs-mobile-cordova/NodeJSRunner.mm"; sourceTree = "<group>"; };
		32CA4F630368D1EE00C91783 /* statsapp-Prefix.pch */ = {isa = PBXFileReference; fileEncoding = 4; lastKnownFileType = sourcecode.c.h; path = "statsapp-Prefix.pch"; sourceTree = "<group>"; };
		4F9C53BDEB48448B9838CC5A /* NodeJSRunner.hh */ = {isa = PBXFileReference; explicitFileType = undefined; fileEncoding = 9; includeInIndex = 0; lastKnownFileType = unknown; name = NodeJSRunner.hh; path = "nodejs-mobile-cordova/NodeJSRunner.hh"; sourceTree = "<group>"; };
		51F0C6209C014F5DAD830521 /* NodeMobile.framework */ = {isa = PBXFileReference; explicitFileType = undefined; fileEncoding = 9; includeInIndex = 0; lastKnownFileType = wrapper.framework; name = NodeMobile.framework; path = System/Library/Frameworks/NodeMobile.framework; sourceTree = SDKROOT; };
		6AFF5BF81D6E424B00AB3073 /* CDVLaunchScreen.storyboard */ = {isa = PBXFileReference; fileEncoding = 4; lastKnownFileType = file.storyboard; name = CDVLaunchScreen.storyboard; path = statsapp/CDVLaunchScreen.storyboard; sourceTree = SOURCE_ROOT; };
		71A0E0459EE9448BB9CE7DB5 /* CDVNodeJS.mm */ = {isa = PBXFileReference; explicitFileType = undefined; fileEncoding = 9; includeInIndex = 0; lastKnownFileType = unknown; name = CDVNodeJS.mm; path = "nodejs-mobile-cordova/CDVNodeJS.mm"; sourceTree = "<group>"; };
		7EE1693E665246D1822AD0E5 /* NodeMobile.framework */ = {isa = PBXFileReference; explicitFileType = undefined; fileEncoding = 9; includeInIndex = 0; lastKnownFileType = wrapper.framework; name = NodeMobile.framework; path = "statsapp/Plugins/nodejs-mobile-cordova/NodeMobile.framework"; sourceTree = "<group>"; };
		846E856BAFE04D5582D0CACA /* CDVNodeJS.hh */ = {isa = PBXFileReference; explicitFileType = undefined; fileEncoding = 9; includeInIndex = 0; lastKnownFileType = unknown; name = CDVNodeJS.hh; path = "nodejs-mobile-cordova/CDVNodeJS.hh"; sourceTree = "<group>"; };
		84D8B2095DEA4772AB3D7606 /* include */ = {isa = PBXFileReference; explicitFileType = undefined; fileEncoding = 9; includeInIndex = 0; lastKnownFileType = unknown; name = include; path = "nodejs-mobile-cordova/include"; sourceTree = "<group>"; };
		8D1107310486CEB800E47090 /* statsapp-Info.plist */ = {isa = PBXFileReference; fileEncoding = 4; lastKnownFileType = text.plist.xml; name = "statsapp-Info.plist"; path = "statsapp/statsapp-Info.plist"; plistStructureDefinitionIdentifier = "com.apple.xcode.plist.structure-definition.iphone.info-plist"; sourceTree = SOURCE_ROOT; };
		A097ADB0CE4B4F6F8B9DD4F7 /* cordova-bridge.cpp */ = {isa = PBXFileReference; explicitFileType = undefined; fileEncoding = 9; includeInIndex = 0; lastKnownFileType = unknown; name = "cordova-bridge.cpp"; path = "nodejs-mobile-cordova/cordova-bridge.cpp"; sourceTree = "<group>"; };
		A6FF4927BEBD465E85940E2D /* cordova-bridge.h */ = {isa = PBXFileReference; explicitFileType = undefined; fileEncoding = 4; includeInIndex = 0; lastKnownFileType = sourcecode.c.h; name = "cordova-bridge.h"; path = "nodejs-mobile-cordova/cordova-bridge.h"; sourceTree = "<group>"; };
		EB87FDF31871DA8E0020F90C /* www */ = {isa = PBXFileReference; lastKnownFileType = folder; name = www; path = ../../www; sourceTree = "<group>"; };
		EB87FDF41871DAF40020F90C /* config.xml */ = {isa = PBXFileReference; lastKnownFileType = text.xml; name = config.xml; path = ../../config.xml; sourceTree = "<group>"; };
		ED33DF2A687741AEAF9F8254 /* Bridging-Header.h */ = {isa = PBXFileReference; fileEncoding = 4; lastKnownFileType = sourcecode.c.h; path = "Bridging-Header.h"; sourceTree = "<group>"; };
		F840E1F0165FE0F500CFE078 /* config.xml */ = {isa = PBXFileReference; lastKnownFileType = text.xml; name = config.xml; path = statsapp/config.xml; sourceTree = "<group>"; };
/* End PBXFileReference section */

/* Begin PBXFrameworksBuildPhase section */
		1D60588F0D05DD3D006BFB54 /* Frameworks */ = {
			isa = PBXFrameworksBuildPhase;
			buildActionMask = 2147483647;
			files = (
				301BF552109A68D80062928A /* libCordova.a in Frameworks */,
				540B1724D5ED486FA5E88E38 /* NodeMobile.framework in Frameworks */,
			);
			runOnlyForDeploymentPostprocessing = 0;
		};
/* End PBXFrameworksBuildPhase section */

/* Begin PBXGroup section */
		080E96DDFE201D6D7F000001 /* Classes */ = {
			isa = PBXGroup;
			children = (
				302D95EE14D2391D003F00A1 /* MainViewController.h */,
				302D95EF14D2391D003F00A1 /* MainViewController.m */,
				302D95F014D2391D003F00A1 /* MainViewController.xib */,
				1D3623240D0F684500981E51 /* AppDelegate.h */,
				1D3623250D0F684500981E51 /* AppDelegate.m */,
			);
			name = Classes;
			path = statsapp/Classes;
			sourceTree = SOURCE_ROOT;
		};
		19C28FACFE9D520D11CA2CBB /* Products */ = {
			isa = PBXGroup;
			children = (
				1D6058910D05DD3D006BFB54 /* statsapp.app */,
			);
			name = Products;
			sourceTree = "<group>";
		};
		29B97314FDCFA39411CA2CEA /* CustomTemplate */ = {
			isa = PBXGroup;
			children = (
				EB87FDF41871DAF40020F90C /* config.xml */,
				EB87FDF31871DA8E0020F90C /* www */,
				EB87FDF11871DA420020F90C /* Staging */,
				301BF52D109A57CC0062928A /* CordovaLib/CordovaLib.xcodeproj */,
				080E96DDFE201D6D7F000001 /* Classes */,
				307C750510C5A3420062BCA9 /* Plugins */,
				29B97315FDCFA39411CA2CEA /* Other Sources */,
				29B97317FDCFA39411CA2CEA /* Resources */,
				29B97323FDCFA39411CA2CEA /* Frameworks */,
				19C28FACFE9D520D11CA2CBB /* Products */,
			);
			name = CustomTemplate;
			sourceTree = "<group>";
		};
		29B97315FDCFA39411CA2CEA /* Other Sources */ = {
			isa = PBXGroup;
			children = (
				32CA4F630368D1EE00C91783 /* statsapp-Prefix.pch */,
				29B97316FDCFA39411CA2CEA /* main.m */,
				ED33DF2A687741AEAF9F8254 /* Bridging-Header.h */,
			);
			name = "Other Sources";
			path = statsapp;
			sourceTree = "<group>";
		};
		29B97317FDCFA39411CA2CEA /* Resources */ = {
			isa = PBXGroup;
			children = (
				0207DA571B56EA530066E2B4 /* Images.xcassets */,
				3047A50E1AB8057F00498E2A /* config */,
				8D1107310486CEB800E47090 /* statsapp-Info.plist */,
				6AFF5BF81D6E424B00AB3073 /* CDVLaunchScreen.storyboard */,
			);
			name = Resources;
			path = statsapp/Resources;
			sourceTree = "<group>";
		};
		29B97323FDCFA39411CA2CEA /* Frameworks */ = {
			isa = PBXGroup;
			children = (
				7EE1693E665246D1822AD0E5 /* NodeMobile.framework */,
				51F0C6209C014F5DAD830521 /* NodeMobile.framework */,
			);
			name = Frameworks;
			sourceTree = "<group>";
		};
		301BF52E109A57CC0062928A /* Products */ = {
			isa = PBXGroup;
			children = (
				301BF535109A57CC0062928A /* libCordova.a */,
				A4C16D122173F92D005E4AE9 /* Cordova.framework */,
			);
			name = Products;
			sourceTree = "<group>";
		};
		3047A50E1AB8057F00498E2A /* config */ = {
			isa = PBXGroup;
			children = (
				3047A50F1AB8059700498E2A /* build-debug.xcconfig */,
				3047A5101AB8059700498E2A /* build-release.xcconfig */,
				3047A5111AB8059700498E2A /* build.xcconfig */,
			);
			name = config;
			sourceTree = "<group>";
		};
		307C750510C5A3420062BCA9 /* Plugins */ = {
			isa = PBXGroup;
			children = (
				71A0E0459EE9448BB9CE7DB5 /* CDVNodeJS.mm */,
				A097ADB0CE4B4F6F8B9DD4F7 /* cordova-bridge.cpp */,
				325DA0D6E4344C68AA06EC34 /* NodeJSRunner.mm */,
				846E856BAFE04D5582D0CACA /* CDVNodeJS.hh */,
				A6FF4927BEBD465E85940E2D /* cordova-bridge.h */,
				4F9C53BDEB48448B9838CC5A /* NodeJSRunner.hh */,
				84D8B2095DEA4772AB3D7606 /* include */,
			);
			name = Plugins;
			path = statsapp/Plugins;
			sourceTree = SOURCE_ROOT;
		};
		EB87FDF11871DA420020F90C /* Staging */ = {
			isa = PBXGroup;
			children = (
				F840E1F0165FE0F500CFE078 /* config.xml */,
				301BF56E109A69640062928A /* www */,
			);
			name = Staging;
			sourceTree = "<group>";
		};
/* End PBXGroup section */

/* Begin PBXNativeTarget section */
		1D6058900D05DD3D006BFB54 /* statsapp */ = {
			isa = PBXNativeTarget;
			buildConfigurationList = 1D6058960D05DD3E006BFB54 /* Build configuration list for PBXNativeTarget "statsapp" */;
			buildPhases = (
				304B58A110DAC018002A0835 /* Copy www directory */,
				1D60588D0D05DD3D006BFB54 /* Resources */,
				1D60588E0D05DD3D006BFB54 /* Sources */,
				1D60588F0D05DD3D006BFB54 /* Frameworks */,
				901BD72422E4467E8DDB78AC /* Embed Frameworks */,
				6855EF5F22464BE5AE11C591 /* Build Node.js Mobile Native Modules */,
				7327C92391194F1C838E1BB3 /* Sign Node.js Mobile Native Modules */,
				27A19C7B21D743C593646AAC /* Remove NodeJS Mobile Framework Simulator Strips */,
			);
			buildRules = (
			);
			dependencies = (
				301BF551109A68C00062928A /* PBXTargetDependency */,
			);
			name = statsapp;
			productName = statsapp;
			productReference = 1D6058910D05DD3D006BFB54 /* statsapp.app */;
			productType = "com.apple.product-type.application";
		};
/* End PBXNativeTarget section */

/* Begin PBXProject section */
		29B97313FDCFA39411CA2CEA /* Project object */ = {
			isa = PBXProject;
			attributes = {
				LastUpgradeCheck = 510;
				TargetAttributes = {
					1D6058900D05DD3D006BFB54 = {
						DevelopmentTeam = U6UPLTWW7X;
					};
				};
			};
			buildConfigurationList = C01FCF4E08A954540054247B /* Build configuration list for PBXProject "statsapp" */;
			compatibilityVersion = "Xcode 3.2";
			developmentRegion = English;
			hasScannedForEncodings = 1;
			knownRegions = (
				en,
			);
			mainGroup = 29B97314FDCFA39411CA2CEA /* CustomTemplate */;
			projectDirPath = "";
			projectReferences = (
				{
					ProductGroup = 301BF52E109A57CC0062928A /* Products */;
					ProjectRef = 301BF52D109A57CC0062928A /* CordovaLib/CordovaLib.xcodeproj */;
				},
			);
			projectRoot = "";
			targets = (
				1D6058900D05DD3D006BFB54 /* statsapp */,
			);
		};
/* End PBXProject section */

/* Begin PBXReferenceProxy section */
		301BF535109A57CC0062928A /* libCordova.a */ = {
			isa = PBXReferenceProxy;
			fileType = archive.ar;
			path = libCordova.a;
			remoteRef = 301BF534109A57CC0062928A /* PBXContainerItemProxy */;
			sourceTree = BUILT_PRODUCTS_DIR;
		};
		A4C16D122173F92D005E4AE9 /* Cordova.framework */ = {
			isa = PBXReferenceProxy;
			fileType = wrapper.framework;
			path = Cordova.framework;
			remoteRef = A4C16D112173F92D005E4AE9 /* PBXContainerItemProxy */;
			sourceTree = BUILT_PRODUCTS_DIR;
		};
/* End PBXReferenceProxy section */

/* Begin PBXResourcesBuildPhase section */
		1D60588D0D05DD3D006BFB54 /* Resources */ = {
			isa = PBXResourcesBuildPhase;
			buildActionMask = 2147483647;
			files = (
				302D95F214D2391D003F00A1 /* MainViewController.xib in Resources */,
				0207DA581B56EA530066E2B4 /* Images.xcassets in Resources */,
				6AFF5BF91D6E424B00AB3073 /* CDVLaunchScreen.storyboard in Resources */,
			);
			runOnlyForDeploymentPostprocessing = 0;
		};
/* End PBXResourcesBuildPhase section */

/* Begin PBXShellScriptBuildPhase section */
		27A19C7B21D743C593646AAC /* Remove NodeJS Mobile Framework Simulator Strips */ = {
			isa = PBXShellScriptBuildPhase;
			buildActionMask = 2147483647;
			files = (
			);
			inputPaths = (
			);
			name = "Remove NodeJS Mobile Framework Simulator Strips";
			outputPaths = (
			);
			runOnlyForDeploymentPostprocessing = 0;
			shellPath = /bin/sh;
			shellScript = "\nset -e\nFRAMEWORK_BINARY_PATH=\"$TARGET_BUILD_DIR/$FRAMEWORKS_FOLDER_PATH/NodeMobile.framework/NodeMobile\"\nFRAMEWORK_STRIPPED_PATH=\"$FRAMEWORK_BINARY_PATH-strip\"\nif [ \"$PLATFORM_NAME\" != \"iphonesimulator\" ]; then\n  if $(lipo \"$FRAMEWORK_BINARY_PATH\" -verify_arch \"x86_64\") ; then\n    lipo -output \"$FRAMEWORK_STRIPPED_PATH\" -remove \"x86_64\" \"$FRAMEWORK_BINARY_PATH\"\n    rm \"$FRAMEWORK_BINARY_PATH\"\n    mv \"$FRAMEWORK_STRIPPED_PATH\" \"$FRAMEWORK_BINARY_PATH\"\n    echo \"Removed simulator strip from NodeMobile.framework\"\n  fi\nfi\n";
		};
		304B58A110DAC018002A0835 /* Copy www directory */ = {
			isa = PBXShellScriptBuildPhase;
			buildActionMask = 2147483647;
			files = (
			);
			inputPaths = (
			);
			name = "Copy www directory";
			outputPaths = (
			);
			runOnlyForDeploymentPostprocessing = 0;
			shellPath = /bin/sh;
			shellScript = "NODEJS_PATH=/usr/local/bin; NVM_NODE_PATH=~/.nvm/versions/node/`nvm version 2>/dev/null`/bin; N_NODE_PATH=`find /usr/local/n/versions/node/* -maxdepth 0 -type d 2>/dev/null | tail -1`/bin; XCODE_NODE_PATH=`xcode-select --print-path`/usr/share/xcs/Node/bin; PATH=$NODEJS_PATH:$NVM_NODE_PATH:$N_NODE_PATH:$XCODE_NODE_PATH:$PATH && node cordova/lib/copy-www-build-step.js";
			showEnvVarsInLog = 0;
		};
		6855EF5F22464BE5AE11C591 /* Build Node.js Mobile Native Modules */ = {
			isa = PBXShellScriptBuildPhase;
			buildActionMask = 2147483647;
			files = (
			);
			inputPaths = (
			);
			name = "Build Node.js Mobile Native Modules";
			outputPaths = (
			);
			runOnlyForDeploymentPostprocessing = 0;
			shellPath = /bin/sh;
			shellScript = "\nset -e\nif [ -z \"$NODEJS_MOBILE_BUILD_NATIVE_MODULES\" ]; then\n# If build native modules preference is not set, look for it in the project's\n# www/NODEJS_MOBILE_BUILD_NATIVE_MODULES_VALUE.txt\n  PREFERENCE_FILE_PATH=\"$CODESIGNING_FOLDER_PATH/www/NODEJS_MOBILE_BUILD_NATIVE_MODULES_VALUE.txt\"\n  if [ -f \"$PREFERENCE_FILE_PATH\" ]; then\n    NODEJS_MOBILE_BUILD_NATIVE_MODULES=\"$(cat $PREFERENCE_FILE_PATH | xargs)\"\n  fi\nfi\nif [ -z \"$NODEJS_MOBILE_BUILD_NATIVE_MODULES\" ]; then\n# If build native modules preference is not set, try to find .gyp files\n#to turn it on.\n  gypfiles=($(find \"$CODESIGNING_FOLDER_PATH/www/nodejs-project/\" -type f -name \"*.gyp\"))\n  if [ ${#gypfiles[@]} -gt 0 ]; then\n    NODEJS_MOBILE_BUILD_NATIVE_MODULES=1\n  else\n    NODEJS_MOBILE_BUILD_NATIVE_MODULES=0\n  fi\nfi\nif [ \"1\" != \"$NODEJS_MOBILE_BUILD_NATIVE_MODULES\" ]; then exit 0; fi\n# Delete object files that may already come from within the npm package.\nfind \"$CODESIGNING_FOLDER_PATH/www/nodejs-project/\" -name \"*.o\" -type f -delete\nfind \"$CODESIGNING_FOLDER_PATH/www/nodejs-project/\" -name \"*.a\" -type f -delete\nfind \"$CODESIGNING_FOLDER_PATH/www/nodejs-project/\" -name \"*.node\" -type f -delete\n# Delete bundle contents that may be there from previous builds.\nfind \"$CODESIGNING_FOLDER_PATH/www/nodejs-project/\" -path \"*/*.node/*\" -delete\nfind \"$CODESIGNING_FOLDER_PATH/www/nodejs-project/\" -name \"*.node\" -type d -delete\nfind \"$CODESIGNING_FOLDER_PATH/www/nodejs-project/\" -path \"*/*.framework/*\" -delete\nfind \"$CODESIGNING_FOLDER_PATH/www/nodejs-project/\" -name \"*.framework\" -type d -delete\n# Symlinks to binaries are resolved by cordova prepare during the copy, causing build time errors.\n# The original project's .bin folder will be added to the path before building the native modules.\nfind \"$CODESIGNING_FOLDER_PATH/www/nodejs-project/\" -path \"*/.bin/*\" -delete\nfind \"$CODESIGNING_FOLDER_PATH/www/nodejs-project/\" -name \".bin\" -type d -delete\n# Get the nodejs-mobile-gyp location\nif [ -d \"$PROJECT_DIR/../../plugins/nodejs-mobile-cordova/node_modules/nodejs-mobile-gyp/\" ]; then\nNODEJS_MOBILE_GYP_DIR=\"$( cd \"$PROJECT_DIR\" && cd ../../plugins/nodejs-mobile-cordova/node_modules/nodejs-mobile-gyp/ && pwd )\"\nelse\nNODEJS_MOBILE_GYP_DIR=\"$( cd \"$PROJECT_DIR\" && cd ../../node_modules/nodejs-mobile-gyp/ && pwd )\"\nfi\nNODEJS_MOBILE_GYP_BIN_FILE=\"$NODEJS_MOBILE_GYP_DIR\"/bin/node-gyp.js\n# Rebuild modules with right environment\nNODEJS_HEADERS_DIR=\"$( cd \"$( dirname \"$PRODUCT_SETTINGS_PATH\" )\" && cd Plugins/nodejs-mobile-cordova/ && pwd )\"\n# Adds the original project .bin to the path. It's a workaround\n# to correctly build some modules that depend on symlinked modules,\n# like node-pre-gyp.\nif [ -d \"$PROJECT_DIR/../../www/nodejs-project/node_modules/.bin/\" ]; then\n  PATH=\"$PROJECT_DIR/../../www/nodejs-project/node_modules/.bin/:$PATH\"\nfi\npushd $CODESIGNING_FOLDER_PATH/www/nodejs-project/\nif [ \"$PLATFORM_NAME\" == \"iphoneos\" ]\nthen\nGYP_DEFINES=\"OS=ios\" npm_config_nodedir=\"$NODEJS_HEADERS_DIR\" npm_config_node_gyp=\"$NODEJS_MOBILE_GYP_BIN_FILE\" npm_config_platform=\"ios\" npm_config_format=\"make-ios\" npm_config_node_engine=\"chakracore\" npm_config_arch=\"arm64\" npm --verbose rebuild --build-from-source\nelse\nGYP_DEFINES=\"OS=ios\" npm_config_nodedir=\"$NODEJS_HEADERS_DIR\" npm_config_node_gyp=\"$NODEJS_MOBILE_GYP_BIN_FILE\" npm_config_platform=\"ios\" npm_config_format=\"make-ios\" npm_config_node_engine=\"chakracore\" npm_config_arch=\"x64\" npm --verbose rebuild --build-from-source\nfi\npopd\n";
		};
		7327C92391194F1C838E1BB3 /* Sign Node.js Mobile Native Modules */ = {
			isa = PBXShellScriptBuildPhase;
			buildActionMask = 2147483647;
			files = (
			);
			inputPaths = (
			);
			name = "Sign Node.js Mobile Native Modules";
			outputPaths = (
			);
			runOnlyForDeploymentPostprocessing = 0;
			shellPath = /bin/sh;
			shellScript = "\nset -e\nif [ -z \"$NODEJS_MOBILE_BUILD_NATIVE_MODULES\" ]; then\n# If build native modules preference is not set, look for it in the project's\n# www/NODEJS_MOBILE_BUILD_NATIVE_MODULES_VALUE.txt\n  PREFERENCE_FILE_PATH=\"$CODESIGNING_FOLDER_PATH/www/NODEJS_MOBILE_BUILD_NATIVE_MODULES_VALUE.txt\"\n  if [ -f \"$PREFERENCE_FILE_PATH\" ]; then\n    NODEJS_MOBILE_BUILD_NATIVE_MODULES=\"$(cat $PREFERENCE_FILE_PATH | xargs)\"\n    # Remove the preference file so it doesn't get in the application package.\n    rm \"$PREFERENCE_FILE_PATH\"\n  fi\nfi\nif [ -z \"$NODEJS_MOBILE_BUILD_NATIVE_MODULES\" ]; then\n# If build native modules preference is not set, try to find .gyp files\n#to turn it on.\n  gypfiles=($(find \"$CODESIGNING_FOLDER_PATH/www/nodejs-project/\" -type f -name \"*.gyp\"))\n  if [ ${#gypfiles[@]} -gt 0 ]; then\n    NODEJS_MOBILE_BUILD_NATIVE_MODULES=1\n  else\n    NODEJS_MOBILE_BUILD_NATIVE_MODULES=0\n  fi\nfi\nif [ \"1\" != \"$NODEJS_MOBILE_BUILD_NATIVE_MODULES\" ]; then exit 0; fi\n# Delete object files\nfind \"$CODESIGNING_FOLDER_PATH/www/nodejs-project/\" -name \"*.o\" -type f -delete\nfind \"$CODESIGNING_FOLDER_PATH/www/nodejs-project/\" -name \"*.a\" -type f -delete\n# Create Info.plist for each framework built and loader override.\nPATCH_SCRIPT_DIR=\"$( cd \"$PROJECT_DIR\" && cd ../../Plugins/nodejs-mobile-cordova/install/helper-scripts/ && pwd )\"\nNODEJS_PROJECT_DIR=\"$( cd \"$CODESIGNING_FOLDER_PATH\" && cd www/nodejs-project/ && pwd )\"\nnode \"$PATCH_SCRIPT_DIR\"/ios-create-plists-and-dlopen-override.js $NODEJS_PROJECT_DIR\n# Embed every resulting .framework in the application and delete them afterwards.\nembed_framework()\n{\n    FRAMEWORK_NAME=\"$(basename \"$1\")\"\n    mkdir -p \"$TARGET_BUILD_DIR/$FRAMEWORKS_FOLDER_PATH/\"\n    cp -r \"$1\" \"$TARGET_BUILD_DIR/$FRAMEWORKS_FOLDER_PATH/\"\n    /usr/bin/codesign --force --sign $EXPANDED_CODE_SIGN_IDENTITY --preserve-metadata=identifier,entitlements,flags --timestamp=none \"$TARGET_BUILD_DIR/$FRAMEWORKS_FOLDER_PATH/$FRAMEWORK_NAME\"\n}\nfind \"$CODESIGNING_FOLDER_PATH/www/nodejs-project/\" -name \"*.framework\" -type d | while read frmwrk_path; do embed_framework \"$frmwrk_path\"; done\n\n#Delete gyp temporary .deps dependency folders from the project structure.\nfind \"$CODESIGNING_FOLDER_PATH/www/nodejs-project/\" -path \"*/.deps/*\" -delete\nfind \"$CODESIGNING_FOLDER_PATH/www/nodejs-project/\" -name \".deps\" -type d -delete\n\n#Delete frameworks from their build paths\nfind \"$CODESIGNING_FOLDER_PATH/www/nodejs-project/\" -path \"*/*.framework/*\" -delete\nfind \"$CODESIGNING_FOLDER_PATH/www/nodejs-project/\" -name \"*.framework\" -type d -delete\n";
		};
/* End PBXShellScriptBuildPhase section */

/* Begin PBXSourcesBuildPhase section */
		1D60588E0D05DD3D006BFB54 /* Sources */ = {
			isa = PBXSourcesBuildPhase;
			buildActionMask = 2147483647;
			files = (
				1D60589B0D05DD56006BFB54 /* main.m in Sources */,
				1D3623260D0F684500981E51 /* AppDelegate.m in Sources */,
				302D95F114D2391D003F00A1 /* MainViewController.m in Sources */,
				26A181D4CA3A4DA6B5CCA718 /* CDVNodeJS.mm in Sources */,
				76A83597D6C14A99BDA8177D /* cordova-bridge.cpp in Sources */,
				4BC4CBB4260246A3B8A6BE19 /* NodeJSRunner.mm in Sources */,
			);
			runOnlyForDeploymentPostprocessing = 0;
		};
/* End PBXSourcesBuildPhase section */

/* Begin PBXTargetDependency section */
		301BF551109A68C00062928A /* PBXTargetDependency */ = {
			isa = PBXTargetDependency;
			name = CordovaLib;
			targetProxy = 301BF550109A68C00062928A /* PBXContainerItemProxy */;
		};
/* End PBXTargetDependency section */

/* Begin XCBuildConfiguration section */
		1D6058940D05DD3E006BFB54 /* Debug */ = {
			isa = XCBuildConfiguration;
			baseConfigurationReference = 3047A50F1AB8059700498E2A /* build-debug.xcconfig */;
			buildSettings = {
				ALWAYS_SEARCH_USER_PATHS = NO;
				ASSETCATALOG_COMPILER_APPICON_NAME = AppIcon;
				ASSETCATALOG_COMPILER_LAUNCHIMAGE_NAME = LaunchImage;
				CLANG_ENABLE_MODULES = YES;
				CLANG_ENABLE_OBJC_ARC = YES;
				COPY_PHASE_STRIP = NO;
				DEVELOPMENT_TEAM = U6UPLTWW7X;
				FRAMEWORK_SEARCH_PATHS = (
					"$(inherited)",
					"\"statsapp/Plugins/nodejs-mobile-cordova\"",
				);
				GCC_DYNAMIC_NO_PIC = NO;
				GCC_OPTIMIZATION_LEVEL = 0;
				GCC_PRECOMPILE_PREFIX_HEADER = YES;
				GCC_PREFIX_HEADER = "statsapp/statsapp-Prefix.pch";
				GCC_THUMB_SUPPORT = NO;
				GCC_VERSION = "";
				INFOPLIST_FILE = "statsapp/statsapp-Info.plist";
				IPHONEOS_DEPLOYMENT_TARGET = 11.0;
				LD_RUNPATH_SEARCH_PATHS = "@executable_path/Frameworks";
				PRODUCT_NAME = statsapp;
				TARGETED_DEVICE_FAMILY = "1,2";
			};
			name = Debug;
		};
		1D6058950D05DD3E006BFB54 /* Release */ = {
			isa = XCBuildConfiguration;
			baseConfigurationReference = 3047A5101AB8059700498E2A /* build-release.xcconfig */;
			buildSettings = {
				ALWAYS_SEARCH_USER_PATHS = NO;
				ASSETCATALOG_COMPILER_APPICON_NAME = AppIcon;
				ASSETCATALOG_COMPILER_LAUNCHIMAGE_NAME = LaunchImage;
				CLANG_ENABLE_MODULES = YES;
				CLANG_ENABLE_OBJC_ARC = YES;
				COPY_PHASE_STRIP = YES;
				DEVELOPMENT_TEAM = U6UPLTWW7X;
				FRAMEWORK_SEARCH_PATHS = (
					"$(inherited)",
					"\"statsapp/Plugins/nodejs-mobile-cordova\"",
				);
				GCC_PRECOMPILE_PREFIX_HEADER = YES;
				GCC_PREFIX_HEADER = "statsapp/statsapp-Prefix.pch";
				GCC_THUMB_SUPPORT = NO;
				GCC_VERSION = "";
				INFOPLIST_FILE = "statsapp/statsapp-Info.plist";
				IPHONEOS_DEPLOYMENT_TARGET = 11.0;
				LD_RUNPATH_SEARCH_PATHS = "@executable_path/Frameworks";
				PRODUCT_NAME = statsapp;
				TARGETED_DEVICE_FAMILY = "1,2";
			};
			name = Release;
		};
		C01FCF4F08A954540054247B /* Debug */ = {
			isa = XCBuildConfiguration;
			baseConfigurationReference = 3047A5111AB8059700498E2A /* build.xcconfig */;
			buildSettings = {
				CLANG_ENABLE_MODULES = YES;
				CLANG_ENABLE_OBJC_ARC = YES;
				CLANG_WARN_BOOL_CONVERSION = YES;
				CLANG_WARN_CONSTANT_CONVERSION = YES;
				CLANG_WARN_EMPTY_BODY = YES;
				CLANG_WARN_ENUM_CONVERSION = YES;
				CLANG_WARN_INT_CONVERSION = YES;
				CLANG_WARN__DUPLICATE_METHOD_MATCH = YES;
				GCC_C_LANGUAGE_STANDARD = c99;
				GCC_THUMB_SUPPORT = NO;
				GCC_VERSION = "";
				GCC_WARN_ABOUT_RETURN_TYPE = YES;
				GCC_WARN_UNDECLARED_SELECTOR = YES;
				GCC_WARN_UNINITIALIZED_AUTOS = YES;
				GCC_WARN_UNUSED_FUNCTION = YES;
				GCC_WARN_UNUSED_VARIABLE = YES;
				ONLY_ACTIVE_ARCH = YES;
				SDKROOT = iphoneos;
				SKIP_INSTALL = NO;
			};
			name = Debug;
		};
		C01FCF5008A954540054247B /* Release */ = {
			isa = XCBuildConfiguration;
			baseConfigurationReference = 3047A5111AB8059700498E2A /* build.xcconfig */;
			buildSettings = {
				CLANG_ENABLE_MODULES = YES;
				CLANG_ENABLE_OBJC_ARC = YES;
				CLANG_WARN_BOOL_CONVERSION = YES;
				CLANG_WARN_CONSTANT_CONVERSION = YES;
				CLANG_WARN_EMPTY_BODY = YES;
				CLANG_WARN_ENUM_CONVERSION = YES;
				CLANG_WARN_INT_CONVERSION = YES;
				CLANG_WARN__DUPLICATE_METHOD_MATCH = YES;
				GCC_C_LANGUAGE_STANDARD = c99;
				GCC_THUMB_SUPPORT = NO;
				GCC_VERSION = "";
				GCC_WARN_ABOUT_RETURN_TYPE = YES;
				GCC_WARN_UNDECLARED_SELECTOR = YES;
				GCC_WARN_UNINITIALIZED_AUTOS = YES;
				GCC_WARN_UNUSED_FUNCTION = YES;
				GCC_WARN_UNUSED_VARIABLE = YES;
				SDKROOT = iphoneos;
				SKIP_INSTALL = NO;
			};
			name = Release;
		};
/* End XCBuildConfiguration section */

/* Begin XCConfigurationList section */
		1D6058960D05DD3E006BFB54 /* Build configuration list for PBXNativeTarget "statsapp" */ = {
			isa = XCConfigurationList;
			buildConfigurations = (
				1D6058940D05DD3E006BFB54 /* Debug */,
				1D6058950D05DD3E006BFB54 /* Release */,
			);
			defaultConfigurationIsVisible = 0;
			defaultConfigurationName = Release;
		};
		C01FCF4E08A954540054247B /* Build configuration list for PBXProject "statsapp" */ = {
			isa = XCConfigurationList;
			buildConfigurations = (
				C01FCF4F08A954540054247B /* Debug */,
				C01FCF5008A954540054247B /* Release */,
			);
			defaultConfigurationIsVisible = 0;
			defaultConfigurationName = Release;
		};
/* End XCConfigurationList section */
	};
	rootObject = 29B97313FDCFA39411CA2CEA /* Project object */;
}
